
Microsoft Visual Studio Solution File, Format Version 12.00
# Visual Studio Version 17
VisualStudioVersion = 17.14.37516.0 d17.14
MinimumVisualStudioVersion = 10.0.40219.1
Project("{FAE04EC0-301F-11D3-BF4B-00C04F79EFBC}") = "Anchor", "Anchor\Anchor.csproj", "{7A4A0A3D-1ECF-4BD5-9798-86705F935DDF}"
EndProject
Global
	GlobalSection(SolutionConfigurationPlatforms) = preSolution
		Debug|Any CPU = Debug|Any CPU
		Release|Any CPU = Release|Any CPU
	EndGlobalSection
	GlobalSection(ProjectConfigurationPlatforms) = postSolution
		{7A4A0A3D-1ECF-4BD5-9798-86705F935DDF}.Debug|Any CPU.ActiveCfg = Debug|Any CPU
		{7A4A0A3D-1ECF-4BD5-9798-86705F935DDF}.Debug|Any CPU.Build.0 = Debug|Any CPU
		{7A4A0A3D-1ECF-4BD5-9798-86705F935DDF}.Release|Any CPU.ActiveCfg = Release|Any CPU
		{7A4A0A3D-1ECF-4BD5-9798-86705F935DDF}.Release|Any CPU.Build.0 = Release|Any CPU
	EndGlobalSection
	GlobalSection(SolutionProperties) = preSolution
		HideSolutionNode = FALSE
	EndGlobalSection
	GlobalSection(ExtensibilityGlobals) = postSolution
		SolutionGuid = {E55B69E0-89C5-45ED-97F8-AD38CDBEA001}
	EndGlobalSection
EndGlobal
